
Microsoft Visual Studio Solution File, Format Version 12.00
# Visual Studio Version 17
VisualStudioVersion = 17.7.34031.279
MinimumVisualStudioVersion = 10.0.40219.1
Project("{9A19103F-16F7-4668-BE54-9A1E7A4F7556}") = "EbrusPayRoll", "EbrusPayRoll\EbrusPayRoll.csproj", "{F41242AB-D960-4137-BE69-4564AD50B246}"
EndProject
Global
	GlobalSection(SolutionConfigurationPlatforms) = preSolution
		Debug|Any CPU = Debug|Any CPU
		Release|Any CPU = Release|Any CPU
	EndGlobalSection
	GlobalSection(ProjectConfigurationPlatforms) = postSolution
		{F41242AB-D960-4137-BE69-4564AD50B246}.Debug|Any CPU.ActiveCfg = Debug|Any CPU
		{F41242AB-D960-4137-BE69-4564AD50B246}.Debug|Any CPU.Build.0 = Debug|Any CPU
		{F41242AB-D960-4137-BE69-4564AD50B246}.Release|Any CPU.ActiveCfg = Release|Any CPU
		{F41242AB-D960-4137-BE69-4564AD50B246}.Release|Any CPU.Build.0 = Release|Any CPU
	EndGlobalSection
	GlobalSection(SolutionProperties) = preSolution
		HideSolutionNode = FALSE
	EndGlobalSection
	GlobalSection(ExtensibilityGlobals) = postSolution
		SolutionGuid = {2D177368-E9FE-4224-AD62-6361D39E5BB0}
	EndGlobalSection
EndGlobal
